
Microsoft Visual Studio Solution File, Format Version 12.00
# Visual Studio Version 17
VisualStudioVersion = 17.0.31903.59
MinimumVisualStudioVersion = 10.0.40219.1
Project("{FAE04EC0-301F-11D3-BF4B-00C04F79EFBC}") = "mvcUsingShoe_store", "mvcUsingShoe_store\mvcUsingShoe_store.csproj", "{9A32F986-0F22-49FD-AFA2-EA2F3F042F94}"
EndProject
Global
	GlobalSection(SolutionConfigurationPlatforms) = preSolution
		Debug|Any CPU = Debug|Any CPU
		Release|Any CPU = Release|Any CPU
	EndGlobalSection
	GlobalSection(ProjectConfigurationPlatforms) = postSolution
		{9A32F986-0F22-49FD-AFA2-EA2F3F042F94}.Debug|Any CPU.ActiveCfg = Debug|Any CPU
		{9A32F986-0F22-49FD-AFA2-EA2F3F042F94}.Debug|Any CPU.Build.0 = Debug|Any CPU
		{9A32F986-0F22-49FD-AFA2-EA2F3F042F94}.Release|Any CPU.ActiveCfg = Release|Any CPU
		{9A32F986-0F22-49FD-AFA2-EA2F3F042F94}.Release|Any CPU.Build.0 = Release|Any CPU
	EndGlobalSection
	GlobalSection(SolutionProperties) = preSolution
		HideSolutionNode = FALSE
	EndGlobalSection
	GlobalSection(ExtensibilityGlobals) = postSolution
		SolutionGuid = {1EADD39D-3052-4528-A6D1-938A0DBF22B9}
	EndGlobalSection
EndGlobal
